
Microsoft Visual Studio Solution File, Format Version 12.00
# Visual Studio Version 17
VisualStudioVersion = 17.12.35707.178 d17.12
MinimumVisualStudioVersion = 10.0.40219.1
Project("{FAE04EC0-301F-11D3-BF4B-00C04F79EFBC}") = "CapaPresentacion", "CapaPresentacion\CapaPresentacion.csproj", "{4631ABCC-66CB-42E8-A37A-175CA4DD6F4A}"
EndProject
Project("{FAE04EC0-301F-11D3-BF4B-00C04F79EFBC}") = "CapaEntidad", "CapaEntidad\CapaEntidad.csproj", "{82D69453-B3B9-4545-A75C-5D3D12C53D15}"
EndProject
Project("{FAE04EC0-301F-11D3-BF4B-00C04F79EFBC}") = "CapaNegocio", "CapaNegocio\CapaNegocio.csproj", "{1E61582A-4D0F-4CCD-9A56-3ACC184B17DA}"
EndProject
Project("{FAE04EC0-301F-11D3-BF4B-00C04F79EFBC}") = "CapaDatos", "CapaDatos\CapaDatos.csproj", "{0E74CFB0-454C-49FC-B45B-A7EB6428468E}"
EndProject
Global
	GlobalSection(SolutionConfigurationPlatforms) = preSolution
		Debug|Any CPU = Debug|Any CPU
		Release|Any CPU = Release|Any CPU
	EndGlobalSection
	GlobalSection(ProjectConfigurationPlatforms) = postSolution
		{4631ABCC-66CB-42E8-A37A-175CA4DD6F4A}.Debug|Any CPU.ActiveCfg = Debug|Any CPU
		{4631ABCC-66CB-42E8-A37A-175CA4DD6F4A}.Debug|Any CPU.Build.0 = Debug|Any CPU
		{4631ABCC-66CB-42E8-A37A-175CA4DD6F4A}.Release|Any CPU.ActiveCfg = Release|Any CPU
		{4631ABCC-66CB-42E8-A37A-175CA4DD6F4A}.Release|Any CPU.Build.0 = Release|Any CPU
		{82D69453-B3B9-4545-A75C-5D3D12C53D15}.Debug|Any CPU.ActiveCfg = Debug|Any CPU
		{82D69453-B3B9-4545-A75C-5D3D12C53D15}.Debug|Any CPU.Build.0 = Debug|Any CPU
		{82D69453-B3B9-4545-A75C-5D3D12C53D15}.Release|Any CPU.ActiveCfg = Release|Any CPU
		{82D69453-B3B9-4545-A75C-5D3D12C53D15}.Release|Any CPU.Build.0 = Release|Any CPU
		{1E61582A-4D0F-4CCD-9A56-3ACC184B17DA}.Debug|Any CPU.ActiveCfg = Debug|Any CPU
		{1E61582A-4D0F-4CCD-9A56-3ACC184B17DA}.Debug|Any CPU.Build.0 = Debug|Any CPU
		{1E61582A-4D0F-4CCD-9A56-3ACC184B17DA}.Release|Any CPU.ActiveCfg = Release|Any CPU
		{1E61582A-4D0F-4CCD-9A56-3ACC184B17DA}.Release|Any CPU.Build.0 = Release|Any CPU
		{0E74CFB0-454C-49FC-B45B-A7EB6428468E}.Debug|Any CPU.ActiveCfg = Debug|Any CPU
		{0E74CFB0-454C-49FC-B45B-A7EB6428468E}.Debug|Any CPU.Build.0 = Debug|Any CPU
		{0E74CFB0-454C-49FC-B45B-A7EB6428468E}.Release|Any CPU.ActiveCfg = Release|Any CPU
		{0E74CFB0-454C-49FC-B45B-A7EB6428468E}.Release|Any CPU.Build.0 = Release|Any CPU
	EndGlobalSection
	GlobalSection(SolutionProperties) = preSolution
		HideSolutionNode = FALSE
	EndGlobalSection
EndGlobal
